
Microsoft Visual Studio Solution File, Format Version 12.00
# Visual Studio Version 17
VisualStudioVersion = 17.14.36511.14 d17.14
MinimumVisualStudioVersion = 10.0.40219.1
Project("{FAE04EC0-301F-11D3-BF4B-00C04F79EFBC}") = "kecske", "kecske\kecske.csproj", "{A5E112DC-200E-4B23-A20D-3E371E9B610E}"
EndProject
Global
	GlobalSection(SolutionConfigurationPlatforms) = preSolution
		Debug|Any CPU = Debug|Any CPU
		Release|Any CPU = Release|Any CPU
	EndGlobalSection
	GlobalSection(ProjectConfigurationPlatforms) = postSolution
		{A5E112DC-200E-4B23-A20D-3E371E9B610E}.Debug|Any CPU.ActiveCfg = Debug|Any CPU
		{A5E112DC-200E-4B23-A20D-3E371E9B610E}.Debug|Any CPU.Build.0 = Debug|Any CPU
		{A5E112DC-200E-4B23-A20D-3E371E9B610E}.Release|Any CPU.ActiveCfg = Release|Any CPU
		{A5E112DC-200E-4B23-A20D-3E371E9B610E}.Release|Any CPU.Build.0 = Release|Any CPU
	EndGlobalSection
	GlobalSection(SolutionProperties) = preSolution
		HideSolutionNode = FALSE
	EndGlobalSection
	GlobalSection(ExtensibilityGlobals) = postSolution
		SolutionGuid = {860CF5E0-A777-4472-B9B5-DA8DE63E4E68}
	EndGlobalSection
EndGlobal
